// !$*UTF8*$!
{
	archiveVersion = 1;
	classes = {
	};
	objectVersion = 48;
	objects = {

/* Begin PBXBuildFile section */
		2908428720C646730092F1E8 /* CreateAccountViewController.swift in Sources */ = {isa = PBXBuildFile; fileRef = 2908428420C646730092F1E8 /* CreateAccountViewController.swift */; };
		2908428920C64F210092F1E8 /* Constants.swift in Sources */ = {isa = PBXBuildFile; fileRef = 2908428820C64F210092F1E8 /* Constants.swift */; };
		2908428C20C66DB80092F1E8 /* HTTPStatusCode.swift in Sources */ = {isa = PBXBuildFile; fileRef = 2908428B20C66DB80092F1E8 /* HTTPStatusCode.swift */; };
		2908429620C6AE5E0092F1E8 /* ListUsersViewController.swift in Sources */ = {isa = PBXBuildFile; fileRef = 2908429520C6AE5E0092F1E8 /* ListUsersViewController.swift */; };
		2908429820C6AEDF0092F1E8 /* ListUsers.storyboard in Resources */ = {isa = PBXBuildFile; fileRef = 2908429720C6AEDF0092F1E8 /* ListUsers.storyboard */; };
		2908429A20C7C4500092F1E8 /* GetUserTypesParser.swift in Sources */ = {isa = PBXBuildFile; fileRef = 2908429920C7C4500092F1E8 /* GetUserTypesParser.swift */; };
		2908429C20C7C47A0092F1E8 /* User.swift in Sources */ = {isa = PBXBuildFile; fileRef = 2908429B20C7C47A0092F1E8 /* User.swift */; };
		296FF01520C5AA66008E107D /* AppDelegate.swift in Sources */ = {isa = PBXBuildFile; fileRef = 296FF01420C5AA66008E107D /* AppDelegate.swift */; };
		296FF01720C5AA66008E107D /* ViewController.swift in Sources */ = {isa = PBXBuildFile; fileRef = 296FF01620C5AA66008E107D /* ViewController.swift */; };
		296FF01A20C5AA66008E107D /* Main.storyboard in Resources */ = {isa = PBXBuildFile; fileRef = 296FF01820C5AA66008E107D /* Main.storyboard */; };
		296FF01C20C5AA66008E107D /* Assets.xcassets in Resources */ = {isa = PBXBuildFile; fileRef = 296FF01B20C5AA66008E107D /* Assets.xcassets */; };
		296FF01F20C5AA66008E107D /* LaunchScreen.storyboard in Resources */ = {isa = PBXBuildFile; fileRef = 296FF01D20C5AA66008E107D /* LaunchScreen.storyboard */; };
		B1EFF5A220C904B7008213E7 /* AddUserViewController.swift in Sources */ = {isa = PBXBuildFile; fileRef = B1EFF5A120C904B7008213E7 /* AddUserViewController.swift */; };
		B1EFF5A420C90807008213E7 /* GetBooksTypesParser.swift in Sources */ = {isa = PBXBuildFile; fileRef = B1EFF5A320C90807008213E7 /* GetBooksTypesParser.swift */; };
		B1EFF5A620C90888008213E7 /* Book.swift in Sources */ = {isa = PBXBuildFile; fileRef = B1EFF5A520C90888008213E7 /* Book.swift */; };
		E50D0C94BD3E2D21CBBBCD3A /* Pods_SeedProject.framework in Frameworks */ = {isa = PBXBuildFile; fileRef = 50A59E5647796C8167CD78D4 /* Pods_SeedProject.framework */; };
/* End PBXBuildFile section */

/* Begin PBXFileReference section */
		2908428420C646730092F1E8 /* CreateAccountViewController.swift */ = {isa = PBXFileReference; fileEncoding = 4; lastKnownFileType = sourcecode.swift; path = CreateAccountViewController.swift; sourceTree = "<group>"; };
		2908428820C64F210092F1E8 /* Constants.swift */ = {isa = PBXFileReference; lastKnownFileType = sourcecode.swift; path = Constants.swift; sourceTree = "<group>"; };
		2908428B20C66DB80092F1E8 /* HTTPStatusCode.swift */ = {isa = PBXFileReference; lastKnownFileType = sourcecode.swift; path = HTTPStatusCode.swift; sourceTree = "<group>"; };
		2908429520C6AE5E0092F1E8 /* ListUsersViewController.swift */ = {isa = PBXFileReference; lastKnownFileType = sourcecode.swift; path = ListUsersViewController.swift; sourceTree = "<group>"; };
		2908429720C6AEDF0092F1E8 /* ListUsers.storyboard */ = {isa = PBXFileReference; lastKnownFileType = file.storyboard; path = ListUsers.storyboard; sourceTree = "<group>"; };
		2908429920C7C4500092F1E8 /* GetUserTypesParser.swift */ = {isa = PBXFileReference; lastKnownFileType = sourcecode.swift; path = GetUserTypesParser.swift; sourceTree = "<group>"; };
		2908429B20C7C47A0092F1E8 /* User.swift */ = {isa = PBXFileReference; lastKnownFileType = sourcecode.swift; path = User.swift; sourceTree = "<group>"; };
		296FF01120C5AA66008E107D /* SeedProject.app */ = {isa = PBXFileReference; explicitFileType = wrapper.application; includeInIndex = 0; path = SeedProject.app; sourceTree = BUILT_PRODUCTS_DIR; };
		296FF01420C5AA66008E107D /* AppDelegate.swift */ = {isa = PBXFileReference; lastKnownFileType = sourcecode.swift; path = AppDelegate.swift; sourceTree = "<group>"; };
		296FF01620C5AA66008E107D /* ViewController.swift */ = {isa = PBXFileReference; lastKnownFileType = sourcecode.swift; path = ViewController.swift; sourceTree = "<group>"; };
		296FF01920C5AA66008E107D /* Base */ = {isa = PBXFileReference; lastKnownFileType = file.storyboard; name = Base; path = Base.lproj/Main.storyboard; sourceTree = "<group>"; };
		296FF01B20C5AA66008E107D /* Assets.xcassets */ = {isa = PBXFileReference; lastKnownFileType = folder.assetcatalog; path = Assets.xcassets; sourceTree = "<group>"; };
		296FF01E20C5AA66008E107D /* Base */ = {isa = PBXFileReference; lastKnownFileType = file.storyboard; name = Base; path = Base.lproj/LaunchScreen.storyboard; sourceTree = "<group>"; };
		296FF02020C5AA66008E107D /* Info.plist */ = {isa = PBXFileReference; lastKnownFileType = text.plist.xml; path = Info.plist; sourceTree = "<group>"; };
		50A59E5647796C8167CD78D4 /* Pods_SeedProject.framework */ = {isa = PBXFileReference; explicitFileType = wrapper.framework; includeInIndex = 0; path = Pods_SeedProject.framework; sourceTree = BUILT_PRODUCTS_DIR; };
		6F92478E8EAEE1108A7AC7C5 /* Pods-SeedProject.release.xcconfig */ = {isa = PBXFileReference; includeInIndex = 1; lastKnownFileType = text.xcconfig; name = "Pods-SeedProject.release.xcconfig"; path = "Pods/Target Support Files/Pods-SeedProject/Pods-SeedProject.release.xcconfig"; sourceTree = "<group>"; };
		AB3DC718722B81B3DE049BA3 /* Pods-SeedProject.debug.xcconfig */ = {isa = PBXFileReference; includeInIndex = 1; lastKnownFileType = text.xcconfig; name = "Pods-SeedProject.debug.xcconfig"; path = "Pods/Target Support Files/Pods-SeedProject/Pods-SeedProject.debug.xcconfig"; sourceTree = "<group>"; };
		B1EFF5A120C904B7008213E7 /* AddUserViewController.swift */ = {isa = PBXFileReference; lastKnownFileType = sourcecode.swift; path = AddUserViewController.swift; sourceTree = "<group>"; };
		B1EFF5A320C90807008213E7 /* GetBooksTypesParser.swift */ = {isa = PBXFileReference; lastKnownFileType = sourcecode.swift; path = GetBooksTypesParser.swift; sourceTree = "<group>"; };
		B1EFF5A520C90888008213E7 /* Book.swift */ = {isa = PBXFileReference; lastKnownFileType = sourcecode.swift; path = Book.swift; sourceTree = "<group>"; };
/* End PBXFileReference section */

/* Begin PBXFrameworksBuildPhase section */
		296FF00E20C5AA66008E107D /* Frameworks */ = {
			isa = PBXFrameworksBuildPhase;
			buildActionMask = 2147483647;
			files = (
				E50D0C94BD3E2D21CBBBCD3A /* Pods_SeedProject.framework in Frameworks */,
			);
			runOnlyForDeploymentPostprocessing = 0;
		};
/* End PBXFrameworksBuildPhase section */

/* Begin PBXGroup section */
		2908427D20C5ADA10092F1E8 /* LoginScreen */ = {
			isa = PBXGroup;
			children = (
				2908427E20C5ADA10092F1E8 /* controller */,
				2908427F20C5ADA10092F1E8 /* model */,
				2908428020C5ADA10092F1E8 /* view */,
			);
			path = LoginScreen;
			sourceTree = "<group>";
		};
		2908427E20C5ADA10092F1E8 /* controller */ = {
			isa = PBXGroup;
			children = (
				296FF01620C5AA66008E107D /* ViewController.swift */,
			);
			path = controller;
			sourceTree = "<group>";
		};
		2908427F20C5ADA10092F1E8 /* model */ = {
			isa = PBXGroup;
			children = (
			);
			path = model;
			sourceTree = "<group>";
		};
		2908428020C5ADA10092F1E8 /* view */ = {
			isa = PBXGroup;
			children = (
			);
			path = view;
			sourceTree = "<group>";
		};
		2908428220C646730092F1E8 /* CreateAccountScreen */ = {
			isa = PBXGroup;
			children = (
				2908428320C646730092F1E8 /* controller */,
				2908428520C646730092F1E8 /* model */,
				2908428620C646730092F1E8 /* view */,
			);
			path = CreateAccountScreen;
			sourceTree = "<group>";
		};
		2908428320C646730092F1E8 /* controller */ = {
			isa = PBXGroup;
			children = (
				2908428420C646730092F1E8 /* CreateAccountViewController.swift */,
			);
			path = controller;
			sourceTree = "<group>";
		};
		2908428520C646730092F1E8 /* model */ = {
			isa = PBXGroup;
			children = (
			);
			path = model;
			sourceTree = "<group>";
		};
		2908428620C646730092F1E8 /* view */ = {
			isa = PBXGroup;
			children = (
			);
			path = view;
			sourceTree = "<group>";
		};
		2908428A20C64F2A0092F1E8 /* Global */ = {
			isa = PBXGroup;
			children = (
				2908428820C64F210092F1E8 /* Constants.swift */,
				2908428B20C66DB80092F1E8 /* HTTPStatusCode.swift */,
			);
			path = Global;
			sourceTree = "<group>";
		};
		2908429120C6AE250092F1E8 /* ListUserScreen */ = {
			isa = PBXGroup;
			children = (
				2908429220C6AE250092F1E8 /* controller */,
				2908429320C6AE250092F1E8 /* model */,
				2908429420C6AE250092F1E8 /* view */,
			);
			path = ListUserScreen;
			sourceTree = "<group>";
		};
		2908429220C6AE250092F1E8 /* controller */ = {
			isa = PBXGroup;
			children = (
				2908429520C6AE5E0092F1E8 /* ListUsersViewController.swift */,
			);
			path = controller;
			sourceTree = "<group>";
		};
		2908429320C6AE250092F1E8 /* model */ = {
			isa = PBXGroup;
			children = (
				2908429920C7C4500092F1E8 /* GetUserTypesParser.swift */,
				B1EFF5A520C90888008213E7 /* Book.swift */,
				B1EFF5A320C90807008213E7 /* GetBooksTypesParser.swift */,
				2908429B20C7C47A0092F1E8 /* User.swift */,
			);
			path = model;
			sourceTree = "<group>";
		};
		2908429420C6AE250092F1E8 /* view */ = {
			isa = PBXGroup;
			children = (
			);
			path = view;
			sourceTree = "<group>";
		};
		296FF00820C5AA66008E107D = {
			isa = PBXGroup;
			children = (
				296FF01320C5AA66008E107D /* SeedProject */,
				296FF01220C5AA66008E107D /* Products */,
				A0A307FF47DC2995EAFCED88 /* Pods */,
				DD0F65DBB4C3DA6FF7D01C01 /* Frameworks */,
			);
			sourceTree = "<group>";
		};
		296FF01220C5AA66008E107D /* Products */ = {
			isa = PBXGroup;
			children = (
				296FF01120C5AA66008E107D /* SeedProject.app */,
			);
			name = Products;
			sourceTree = "<group>";
		};
		296FF01320C5AA66008E107D /* SeedProject */ = {
			isa = PBXGroup;
			children = (
				B1EFF59F20C90486008213E7 /* AddUserScreen */,
				2908429120C6AE250092F1E8 /* ListUserScreen */,
				2908428A20C64F2A0092F1E8 /* Global */,
				2908428220C646730092F1E8 /* CreateAccountScreen */,
				2908427D20C5ADA10092F1E8 /* LoginScreen */,
				296FF01420C5AA66008E107D /* AppDelegate.swift */,
				296FF01820C5AA66008E107D /* Main.storyboard */,
				296FF01B20C5AA66008E107D /* Assets.xcassets */,
				296FF01D20C5AA66008E107D /* LaunchScreen.storyboard */,
				296FF02020C5AA66008E107D /* Info.plist */,
				2908429720C6AEDF0092F1E8 /* ListUsers.storyboard */,
			);
			path = SeedProject;
			sourceTree = "<group>";
		};
		A0A307FF47DC2995EAFCED88 /* Pods */ = {
			isa = PBXGroup;
			children = (
				AB3DC718722B81B3DE049BA3 /* Pods-SeedProject.debug.xcconfig */,
				6F92478E8EAEE1108A7AC7C5 /* Pods-SeedProject.release.xcconfig */,
			);
			name = Pods;
			sourceTree = "<group>";
		};
		B1EFF59F20C90486008213E7 /* AddUserScreen */ = {
			isa = PBXGroup;
			children = (
				B1EFF5A720C90948008213E7 /* model */,
				B1EFF5A020C9049D008213E7 /* controller */,
			);
			path = AddUserScreen;
			sourceTree = "<group>";
		};
		B1EFF5A020C9049D008213E7 /* controller */ = {
			isa = PBXGroup;
			children = (
				B1EFF5A120C904B7008213E7 /* AddUserViewController.swift */,
			);
			path = controller;
			sourceTree = "<group>";
		};
		B1EFF5A720C90948008213E7 /* model */ = {
			isa = PBXGroup;
			children = (
			);
			path = model;
			sourceTree = "<group>";
		};
		DD0F65DBB4C3DA6FF7D01C01 /* Frameworks */ = {
			isa = PBXGroup;
			children = (
				50A59E5647796C8167CD78D4 /* Pods_SeedProject.framework */,
			);
			name = Frameworks;
			sourceTree = "<group>";
		};
/* End PBXGroup section */

/* Begin PBXNativeTarget section */
		296FF01020C5AA66008E107D /* SeedProject */ = {
			isa = PBXNativeTarget;
			buildConfigurationList = 296FF02320C5AA66008E107D /* Build configuration list for PBXNativeTarget "SeedProject" */;
			buildPhases = (
				A9F036C6DC1006B48301E423 /* [CP] Check Pods Manifest.lock */,
				296FF00D20C5AA66008E107D /* Sources */,
				296FF00E20C5AA66008E107D /* Frameworks */,
				296FF00F20C5AA66008E107D /* Resources */,
				88932D505BF481DA0386179C /* [CP] Embed Pods Frameworks */,
				2908428120C5AFDF0092F1E8 /* ShellScript */,
			);
			buildRules = (
			);
			dependencies = (
			);
			name = SeedProject;
			productName = SeedProject;
			productReference = 296FF01120C5AA66008E107D /* SeedProject.app */;
			productType = "com.apple.product-type.application";
		};
/* End PBXNativeTarget section */

/* Begin PBXProject section */
		296FF00920C5AA66008E107D /* Project object */ = {
			isa = PBXProject;
			attributes = {
				LastSwiftUpdateCheck = 0920;
				LastUpgradeCheck = 0920;
				ORGANIZATIONNAME = "In Time Tec";
				TargetAttributes = {
					296FF01020C5AA66008E107D = {
						CreatedOnToolsVersion = 9.2;
						ProvisioningStyle = Manual;
					};
				};
			};
			buildConfigurationList = 296FF00C20C5AA66008E107D /* Build configuration list for PBXProject "SeedProject" */;
			compatibilityVersion = "Xcode 8.0";
			developmentRegion = en;
			hasScannedForEncodings = 0;
			knownRegions = (
				en,
				Base,
			);
			mainGroup = 296FF00820C5AA66008E107D;
			productRefGroup = 296FF01220C5AA66008E107D /* Products */;
			projectDirPath = "";
			projectRoot = "";
			targets = (
				296FF01020C5AA66008E107D /* SeedProject */,
			);
		};
/* End PBXProject section */

/* Begin PBXResourcesBuildPhase section */
		296FF00F20C5AA66008E107D /* Resources */ = {
			isa = PBXResourcesBuildPhase;
			buildActionMask = 2147483647;
			files = (
				296FF01F20C5AA66008E107D /* LaunchScreen.storyboard in Resources */,
				2908429820C6AEDF0092F1E8 /* ListUsers.storyboard in Resources */,
				296FF01C20C5AA66008E107D /* Assets.xcassets in Resources */,
				296FF01A20C5AA66008E107D /* Main.storyboard in Resources */,
			);
			runOnlyForDeploymentPostprocessing = 0;
		};
/* End PBXResourcesBuildPhase section */

/* Begin PBXShellScriptBuildPhase section */
		2908428120C5AFDF0092F1E8 /* ShellScript */ = {
			isa = PBXShellScriptBuildPhase;
			buildActionMask = 2147483647;
			files = (
			);
			inputPaths = (
			);
			outputPaths = (
			);
			runOnlyForDeploymentPostprocessing = 0;
			shellPath = /bin/sh;
			shellScript = "if which swiftlint >/dev/null; then\nswiftlint\nelse\necho \"warning: SwiftLint does not exist, download it from https://github.com/realm/SwiftLint\"\nfi";
		};
		88932D505BF481DA0386179C /* [CP] Embed Pods Frameworks */ = {
			isa = PBXShellScriptBuildPhase;
			buildActionMask = 2147483647;
			files = (
			);
			inputPaths = (
				"${SRCROOT}/Pods/Target Support Files/Pods-SeedProject/Pods-SeedProject-frameworks.sh",
				"${BUILT_PRODUCTS_DIR}/Alamofire/Alamofire.framework",
				"${BUILT_PRODUCTS_DIR}/SwiftyBeaver/SwiftyBeaver.framework",
			);
			name = "[CP] Embed Pods Frameworks";
			outputPaths = (
				"${TARGET_BUILD_DIR}/${FRAMEWORKS_FOLDER_PATH}/Alamofire.framework",
				"${TARGET_BUILD_DIR}/${FRAMEWORKS_FOLDER_PATH}/SwiftyBeaver.framework",
			);
			runOnlyForDeploymentPostprocessing = 0;
			shellPath = /bin/sh;
			shellScript = "\"${SRCROOT}/Pods/Target Support Files/Pods-SeedProject/Pods-SeedProject-frameworks.sh\"\n";
			showEnvVarsInLog = 0;
		};
		A9F036C6DC1006B48301E423 /* [CP] Check Pods Manifest.lock */ = {
			isa = PBXShellScriptBuildPhase;
			buildActionMask = 2147483647;
			files = (
			);
			inputPaths = (
				"${PODS_PODFILE_DIR_PATH}/Podfile.lock",
				"${PODS_ROOT}/Manifest.lock",
			);
			name = "[CP] Check Pods Manifest.lock";
			outputPaths = (
				"$(DERIVED_FILE_DIR)/Pods-SeedProject-checkManifestLockResult.txt",
			);
			runOnlyForDeploymentPostprocessing = 0;
			shellPath = /bin/sh;
			shellScript = "diff \"${PODS_PODFILE_DIR_PATH}/Podfile.lock\" \"${PODS_ROOT}/Manifest.lock\" > /dev/null\nif [ $? != 0 ] ; then\n    # print error to STDERR\n    echo \"error: The sandbox is not in sync with the Podfile.lock. Run 'pod install' or update your CocoaPods installation.\" >&2\n    exit 1\nfi\n# This output is used by Xcode 'outputs' to avoid re-running this script phase.\necho \"SUCCESS\" > \"${SCRIPT_OUTPUT_FILE_0}\"\n";
			showEnvVarsInLog = 0;
		};
/* End PBXShellScriptBuildPhase section */

/* Begin PBXSourcesBuildPhase section */
		296FF00D20C5AA66008E107D /* Sources */ = {
			isa = PBXSourcesBuildPhase;
			buildActionMask = 2147483647;
			files = (
				2908428C20C66DB80092F1E8 /* HTTPStatusCode.swift in Sources */,
				B1EFF5A220C904B7008213E7 /* AddUserViewController.swift in Sources */,
				2908428720C646730092F1E8 /* CreateAccountViewController.swift in Sources */,
				B1EFF5A620C90888008213E7 /* Book.swift in Sources */,
				296FF01720C5AA66008E107D /* ViewController.swift in Sources */,
				2908429620C6AE5E0092F1E8 /* ListUsersViewController.swift in Sources */,
				2908429C20C7C47A0092F1E8 /* User.swift in Sources */,
				B1EFF5A420C90807008213E7 /* GetBooksTypesParser.swift in Sources */,
				296FF01520C5AA66008E107D /* AppDelegate.swift in Sources */,
				2908428920C64F210092F1E8 /* Constants.swift in Sources */,
				2908429A20C7C4500092F1E8 /* GetUserTypesParser.swift in Sources */,
			);
			runOnlyForDeploymentPostprocessing = 0;
		};
/* End PBXSourcesBuildPhase section */

/* Begin PBXVariantGroup section */
		296FF01820C5AA66008E107D /* Main.storyboard */ = {
			isa = PBXVariantGroup;
			children = (
				296FF01920C5AA66008E107D /* Base */,
			);
			name = Main.storyboard;
			sourceTree = "<group>";
		};
		296FF01D20C5AA66008E107D /* LaunchScreen.storyboard */ = {
			isa = PBXVariantGroup;
			children = (
				296FF01E20C5AA66008E107D /* Base */,
			);
			name = LaunchScreen.storyboard;
			sourceTree = "<group>";
		};
/* End PBXVariantGroup section */

/* Begin XCBuildConfiguration section */
		296FF02120C5AA66008E107D /* Debug */ = {
			isa = XCBuildConfiguration;
			buildSettings = {
				ALWAYS_SEARCH_USER_PATHS = NO;
				CLANG_ANALYZER_NONNULL = YES;
				CLANG_ANALYZER_NUMBER_OBJECT_CONVERSION = YES_AGGRESSIVE;
				CLANG_CXX_LANGUAGE_STANDARD = "gnu++14";
				CLANG_CXX_LIBRARY = "libc++";
				CLANG_ENABLE_MODULES = YES;
				CLANG_ENABLE_OBJC_ARC = YES;
				CLANG_WARN_BLOCK_CAPTURE_AUTORELEASING = YES;
				CLANG_WARN_BOOL_CONVERSION = YES;
				CLANG_WARN_COMMA = YES;
				CLANG_WARN_CONSTANT_CONVERSION = YES;
				CLANG_WARN_DIRECT_OBJC_ISA_USAGE = YES_ERROR;
				CLANG_WARN_DOCUMENTATION_COMMENTS = YES;
				CLANG_WARN_EMPTY_BODY = YES;
				CLANG_WARN_ENUM_CONVERSION = YES;
				CLANG_WARN_INFINITE_RECURSION = YES;
				CLANG_WARN_INT_CONVERSION = YES;
				CLANG_WARN_NON_LITERAL_NULL_CONVERSION = YES;
				CLANG_WARN_OBJC_LITERAL_CONVERSION = YES;
				CLANG_WARN_OBJC_ROOT_CLASS = YES_ERROR;
				CLANG_WARN_RANGE_LOOP_ANALYSIS = YES;
				CLANG_WARN_STRICT_PROTOTYPES = YES;
				CLANG_WARN_SUSPICIOUS_MOVE = YES;
				CLANG_WARN_UNGUARDED_AVAILABILITY = YES_AGGRESSIVE;
				CLANG_WARN_UNREACHABLE_CODE = YES;
				CLANG_WARN__DUPLICATE_METHOD_MATCH = YES;
				CODE_SIGN_IDENTITY = "iPhone Developer";
				COPY_PHASE_STRIP = NO;
				DEBUG_INFORMATION_FORMAT = dwarf;
				ENABLE_STRICT_OBJC_MSGSEND = YES;
				ENABLE_TESTABILITY = YES;
				GCC_C_LANGUAGE_STANDARD = gnu11;
				GCC_DYNAMIC_NO_PIC = NO;
				GCC_NO_COMMON_BLOCKS = YES;
				GCC_OPTIMIZATION_LEVEL = 0;
				GCC_PREPROCESSOR_DEFINITIONS = (
					"DEBUG=1",
					"$(inherited)",
				);
				GCC_WARN_64_TO_32_BIT_CONVERSION = YES;
				GCC_WARN_ABOUT_RETURN_TYPE = YES_ERROR;
				GCC_WARN_UNDECLARED_SELECTOR = YES;
				GCC_WARN_UNINITIALIZED_AUTOS = YES_AGGRESSIVE;
				GCC_WARN_UNUSED_FUNCTION = YES;
				GCC_WARN_UNUSED_VARIABLE = YES;
				IPHONEOS_DEPLOYMENT_TARGET = 11.2;
				MTL_ENABLE_DEBUG_INFO = YES;
				ONLY_ACTIVE_ARCH = YES;
				SDKROOT = iphoneos;
				SWIFT_ACTIVE_COMPILATION_CONDITIONS = DEBUG;
				SWIFT_OPTIMIZATION_LEVEL = "-Onone";
			};
			name = Debug;
		};
		296FF02220C5AA66008E107D /* Release */ = {
			isa = XCBuildConfiguration;
			buildSettings = {
				ALWAYS_SEARCH_USER_PATHS = NO;
				CLANG_ANALYZER_NONNULL = YES;
				CLANG_ANALYZER_NUMBER_OBJECT_CONVERSION = YES_AGGRESSIVE;
				CLANG_CXX_LANGUAGE_STANDARD = "gnu++14";
				CLANG_CXX_LIBRARY = "libc++";
				CLANG_ENABLE_MODULES = YES;
				CLANG_ENABLE_OBJC_ARC = YES;
				CLANG_WARN_BLOCK_CAPTURE_AUTORELEASING = YES;
				CLANG_WARN_BOOL_CONVERSION = YES;
				CLANG_WARN_COMMA = YES;
				CLANG_WARN_CONSTANT_CONVERSION = YES;
				CLANG_WARN_DIRECT_OBJC_ISA_USAGE = YES_ERROR;
				CLANG_WARN_DOCUMENTATION_COMMENTS = YES;
				CLANG_WARN_EMPTY_BODY = YES;
				CLANG_WARN_ENUM_CONVERSION = YES;
				CLANG_WARN_INFINITE_RECURSION = YES;
				CLANG_WARN_INT_CONVERSION = YES;
				CLANG_WARN_NON_LITERAL_NULL_CONVERSION = YES;
				CLANG_WARN_OBJC_LITERAL_CONVERSION = YES;
				CLANG_WARN_OBJC_ROOT_CLASS = YES_ERROR;
				CLANG_WARN_RANGE_LOOP_ANALYSIS = YES;
				CLANG_WARN_STRICT_PROTOTYPES = YES;
				CLANG_WARN_SUSPICIOUS_MOVE = YES;
				CLANG_WARN_UNGUARDED_AVAILABILITY = YES_AGGRESSIVE;
				CLANG_WARN_UNREACHABLE_CODE = YES;
				CLANG_WARN__DUPLICATE_METHOD_MATCH = YES;
				CODE_SIGN_IDENTITY = "iPhone Developer";
				COPY_PHASE_STRIP = NO;
				DEBUG_INFORMATION_FORMAT = "dwarf-with-dsym";
				ENABLE_NS_ASSERTIONS = NO;
				ENABLE_STRICT_OBJC_MSGSEND = YES;
				GCC_C_LANGUAGE_STANDARD = gnu11;
				GCC_NO_COMMON_BLOCKS = YES;
				GCC_WARN_64_TO_32_BIT_CONVERSION = YES;
				GCC_WARN_ABOUT_RETURN_TYPE = YES_ERROR;
				GCC_WARN_UNDECLARED_SELECTOR = YES;
				GCC_WARN_UNINITIALIZED_AUTOS = YES_AGGRESSIVE;
				GCC_WARN_UNUSED_FUNCTION = YES;
				GCC_WARN_UNUSED_VARIABLE = YES;
				IPHONEOS_DEPLOYMENT_TARGET = 11.2;
				MTL_ENABLE_DEBUG_INFO = NO;
				SDKROOT = iphoneos;
				SWIFT_OPTIMIZATION_LEVEL = "-Owholemodule";
				VALIDATE_PRODUCT = YES;
			};
			name = Release;
		};
		296FF02420C5AA66008E107D /* Debug */ = {
			isa = XCBuildConfiguration;
			baseConfigurationReference = AB3DC718722B81B3DE049BA3 /* Pods-SeedProject.debug.xcconfig */;
			buildSettings = {
				ASSETCATALOG_COMPILER_APPICON_NAME = AppIcon;
				CODE_SIGN_STYLE = Manual;
				DEVELOPMENT_TEAM = "";
				INFOPLIST_FILE = SeedProject/Info.plist;
				LD_RUNPATH_SEARCH_PATHS = "$(inherited) @executable_path/Frameworks";
				PRODUCT_BUNDLE_IDENTIFIER = com.intimetec.SeedProject;
				PRODUCT_NAME = "$(TARGET_NAME)";
				PROVISIONING_PROFILE_SPECIFIER = "";
				SWIFT_VERSION = 4.0;
				TARGETED_DEVICE_FAMILY = "1,2";
			};
			name = Debug;
		};
		296FF02520C5AA66008E107D /* Release */ = {
			isa = XCBuildConfiguration;
			baseConfigurationReference = 6F92478E8EAEE1108A7AC7C5 /* Pods-SeedProject.release.xcconfig */;
			buildSettings = {
				ASSETCATALOG_COMPILER_APPICON_NAME = AppIcon;
				CODE_SIGN_STYLE = Manual;
				DEVELOPMENT_TEAM = "";
				INFOPLIST_FILE = SeedProject/Info.plist;
				LD_RUNPATH_SEARCH_PATHS = "$(inherited) @executable_path/Frameworks";
				PRODUCT_BUNDLE_IDENTIFIER = com.intimetec.SeedProject;
				PRODUCT_NAME = "$(TARGET_NAME)";
				PROVISIONING_PROFILE_SPECIFIER = "";
				SWIFT_VERSION = 4.0;
				TARGETED_DEVICE_FAMILY = "1,2";
			};
			name = Release;
		};
/* End XCBuildConfiguration section */

/* Begin XCConfigurationList section */
		296FF00C20C5AA66008E107D /* Build configuration list for PBXProject "SeedProject" */ = {
			isa = XCConfigurationList;
			buildConfigurations = (
				296FF02120C5AA66008E107D /* Debug */,
				296FF02220C5AA66008E107D /* Release */,
			);
			defaultConfigurationIsVisible = 0;
			defaultConfigurationName = Release;
		};
		296FF02320C5AA66008E107D /* Build configuration list for PBXNativeTarget "SeedProject" */ = {
			isa = XCConfigurationList;
			buildConfigurations = (
				296FF02420C5AA66008E107D /* Debug */,
				296FF02520C5AA66008E107D /* Release */,
			);
			defaultConfigurationIsVisible = 0;
			defaultConfigurationName = Release;
		};
/* End XCConfigurationList section */
	};
	rootObject = 296FF00920C5AA66008E107D /* Project object */;
}
